{
  "name": "immediate-error",
  "version": "3.1.3",
  "lockfileVersion": 3,
  "requires": true,
  "packages": {
    "": {
      "name": "immediate-error",
      "version": "3.1.3",
      "license": "UNLICENSED",
      "dependencies": {
        "always-four": "^1.0.0",
        "assert-fn": "^1.0.1",
        "cli-color": "^2.0.4",
        "es-errors": "^1.3.0",
        "five": "^0.8.0",
        "if": "^2.0.0",
        "is-error": "^2.2.2",
        "none": "^1.0.0",
        "number-six": "^1.0.1",
        "numeric-constant-three": "^1.0.0",
        "the-number-one": "^1.0.1",
        "throw-error": "^1.0.0",
        "two": "^1.0.7",
        "vanilla-javascript": "^1.1.1",
        "vapor-js-npm": "^1.4.6",
        "yanoop": "^1.0.0"
      }
    },
    "node_modules/@lamansky/flatten": {
      "version": "1.0.0",
      "resolved": "https://registry.npmjs.org/@lamansky/flatten/-/flatten-1.0.0.tgz",
      "integrity": "sha512-4u7TNkdIjYD0JKwNCJFSBIwj92DN4y/+nGNHB104CmQUrNYyxwmm/fto8k7S+4H9rSeDityPyGhiPqMy4ukxYg==",
      "license": "MIT",
      "dependencies": {
        "sbo": "^1.0.0"
      },
      "engines": {
        "node": ">=6.0.0"
      }
    },
    "node_modules/always-four": {
      "version": "1.0.0",
      "resolved": "https://registry.npmjs.org/always-four/-/always-four-1.0.0.tgz",
      "integrity": "sha512-t3shzHRcXhaOmOIbB4NgD4cIvjD6bgjsGMy0aJgDJT3SlcPqC3dzomatqn9nnEeq2ofogEAdD7VHCTM8UvJi8A==",
      "license": "UNLICENSED"
    },
    "node_modules/always-thirteen": {
      "version": "1.0.3",
      "resolved": "https://registry.npmjs.org/always-thirteen/-/always-thirteen-1.0.3.tgz",
      "integrity": "sha512-/iOEcrg6APXfpm9V2Cf/5hs3Ub1SssDuqjwdY9lwp/9L7hfl3Co4/G9eFVspspLEG5IrmvcV4665rO+qj13dSw==",
      "license": "ISC"
    },
    "node_modules/array-pad": {
      "version": "0.0.1",
      "resolved": "https://registry.npmjs.org/array-pad/-/array-pad-0.0.1.tgz",
      "integrity": "sha512-uVzGjO5dqUHanQoCWJFEsf4boWOagEGQAx4HY67s0mYYmzo1eXnV12SOpH9v1lNfop6bUyBUI+IJlOofMUgZAg==",
      "license": "MIT"
    },
    "node_modules/arrify": {
      "version": "1.0.1",
      "resolved": "https://registry.npmjs.org/arrify/-/arrify-1.0.1.tgz",
      "integrity": "sha512-3CYzex9M9FGQjCGMGyi6/31c8GJbgb0qGyrx5HWxPd0aCwh4cB2YjMb2Xf9UuoogrMrlO9cTqnB5rI5GHZTcUA==",
      "license": "MIT",
      "engines": {
        "node": ">=0.10.0"
      }
    },
    "node_modules/assert-fn": {
      "version": "1.0.1",
      "resolved": "https://registry.npmjs.org/assert-fn/-/assert-fn-1.0.1.tgz",
      "integrity": "sha512-YA23prfdIZozmfSSKlRuypxG6xfoJdFDZ5ZwXpvYSEfQcpOm6tKWt7R71Bgc7OIQL8EEmOwSn1bXFmBt9B+uQw==",
      "license": "UNLICENSED",
      "dependencies": {
        "none": "^1.0.0",
        "vanilla-javascript": "^1.1.1"
      }
    },
    "node_modules/case-insensitive": {
      "version": "1.0.0",
      "resolved": "https://registry.npmjs.org/case-insensitive/-/case-insensitive-1.0.0.tgz",
      "integrity": "sha512-dnPuuPchX250ivRdSGfiqlgJ3eJYmxGx9WiCNIxVjjIYd7dXSLx2c4kFJOiVvdvrxxZagqPSgnLGR58EMKhznA==",
      "license": "MIT",
      "engines": {
        "node": ">=6.0.0"
      }
    },
    "node_modules/class-chain": {
      "version": "1.0.0",
      "resolved": "https://registry.npmjs.org/class-chain/-/class-chain-1.0.0.tgz",
      "integrity": "sha512-Mjg98B+B9UDbQhqfqlfU7mppgXpWcsMIK/1Y4hwjQjGKnrcnruTBy8aU/plC32ss8qn3cEShYDxptHSk4LIgVQ==",
      "license": "MIT",
      "dependencies": {
        "is-object": "^1.0.1"
      },
      "engines": {
        "node": ">=4.0.0"
      }
    },
    "node_modules/cli-color": {
      "version": "2.0.4",
      "resolved": "https://registry.npmjs.org/cli-color/-/cli-color-2.0.4.tgz",
      "integrity": "sha512-zlnpg0jNcibNrO7GG9IeHH7maWFeCz+Ja1wx/7tZNU5ASSSSZ+/qZciM0/LHCYxSdqv5h2sdbQ/PXYdOuetXvA==",
      "license": "ISC",
      "dependencies": {
        "d": "^1.0.1",
        "es5-ext": "^0.10.64",
        "es6-iterator": "^2.0.3",
        "memoizee": "^0.4.15",
        "timers-ext": "^0.1.7"
      },
      "engines": {
        "node": ">=0.10"
      }
    },
    "node_modules/compute-hmean": {
      "version": "1.0.0",
      "resolved": "https://registry.npmjs.org/compute-hmean/-/compute-hmean-1.0.0.tgz",
      "integrity": "sha512-6PT9/rUOdxE0p2HZLuG+TOrWcYPfAYsbaQEQp4Em3CjYymMeP00kpL4FFLNzR1xOMdarVQVka+lFvVLby+yG9g=="
    },
    "node_modules/copy-own": {
      "version": "1.2.0",
      "resolved": "https://registry.npmjs.org/copy-own/-/copy-own-1.2.0.tgz",
      "integrity": "sha512-YBWaRsqGUKW65je5Wr1gjaSmbIzioa/T8itzCBIqp8UXjNjvJKMTJv9jRx15xdGisl2ZJEGZDudkgnGDgpWSEA==",
      "license": "MIT",
      "engines": {
        "node": ">=6.0.0"
      }
    },
    "node_modules/d": {
      "version": "1.0.2",
      "resolved": "https://registry.npmjs.org/d/-/d-1.0.2.tgz",
      "integrity": "sha512-MOqHvMWF9/9MX6nza0KgvFH4HpMU0EF5uUDXqX/BtxtU8NfB0QzRtJ8Oe/6SuS4kbhyzVJwjd97EA4PKrzJ8bw==",
      "license": "ISC",
      "dependencies": {
        "es5-ext": "^0.10.64",
        "type": "^2.7.2"
      },
      "engines": {
        "node": ">=0.12"
      }
    },
    "node_modules/english-list": {
      "version": "1.0.0",
      "resolved": "https://registry.npmjs.org/english-list/-/english-list-1.0.0.tgz",
      "integrity": "sha512-bymeFA1uVYM4Bt4aLvV36X9iYk7GrG2IN1HmL1CTueRSYJLYQTXJjbqOyUGmYgfrrS3fxqs1iEU/bIiHLuneRA==",
      "license": "MIT"
    },
    "node_modules/es-errors": {
      "version": "1.3.0",
      "resolved": "https://registry.npmjs.org/es-errors/-/es-errors-1.3.0.tgz",
      "integrity": "sha512-Zf5H2Kxt2xjTvbJvP2ZWLEICxA6j+hAmMzIlypy4xcBg1vKVnx89Wy0GbS+kf5cwCVFFzdCFh2XSCFNULS6csw==",
      "license": "MIT",
      "engines": {
        "node": ">= 0.4"
      }
    },
    "node_modules/es5-ext": {
      "version": "0.10.64",
      "resolved": "https://registry.npmjs.org/es5-ext/-/es5-ext-0.10.64.tgz",
      "integrity": "sha512-p2snDhiLaXe6dahss1LddxqEm+SkuDvV8dnIQG0MWjyHpcMNfXKPE+/Cc0y+PhxJX3A4xGNeFCj5oc0BUh6deg==",
      "hasInstallScript": true,
      "license": "ISC",
      "dependencies": {
        "es6-iterator": "^2.0.3",
        "es6-symbol": "^3.1.3",
        "esniff": "^2.0.1",
        "next-tick": "^1.1.0"
      },
      "engines": {
        "node": ">=0.10"
      }
    },
    "node_modules/es6-iterator": {
      "version": "2.0.3",
      "resolved": "https://registry.npmjs.org/es6-iterator/-/es6-iterator-2.0.3.tgz",
      "integrity": "sha512-zw4SRzoUkd+cl+ZoE15A9o1oQd920Bb0iOJMQkQhl3jNc03YqVjAhG7scf9C5KWRU/R13Orf588uCC6525o02g==",
      "license": "MIT",
      "dependencies": {
        "d": "1",
        "es5-ext": "^0.10.35",
        "es6-symbol": "^3.1.1"
      }
    },
    "node_modules/es6-symbol": {
      "version": "3.1.4",
      "resolved": "https://registry.npmjs.org/es6-symbol/-/es6-symbol-3.1.4.tgz",
      "integrity": "sha512-U9bFFjX8tFiATgtkJ1zg25+KviIXpgRvRHS8sau3GfhVzThRQrOeksPeT0BWW2MNZs1OEWJ1DPXOQMn0KKRkvg==",
      "license": "ISC",
      "dependencies": {
        "d": "^1.0.2",
        "ext": "^1.7.0"
      },
      "engines": {
        "node": ">=0.12"
      }
    },
    "node_modules/es6-weak-map": {
      "version": "2.0.3",
      "resolved": "https://registry.npmjs.org/es6-weak-map/-/es6-weak-map-2.0.3.tgz",
      "integrity": "sha512-p5um32HOTO1kP+w7PRnB+5lQ43Z6muuMuIMffvDN8ZB4GcnjLBV6zGStpbASIMk4DCAvEaamhe2zhyCb/QXXsA==",
      "license": "ISC",
      "dependencies": {
        "d": "1",
        "es5-ext": "^0.10.46",
        "es6-iterator": "^2.0.3",
        "es6-symbol": "^3.1.1"
      }
    },
    "node_modules/esniff": {
      "version": "2.0.1",
      "resolved": "https://registry.npmjs.org/esniff/-/esniff-2.0.1.tgz",
      "integrity": "sha512-kTUIGKQ/mDPFoJ0oVfcmyJn4iBDRptjNVIzwIFR7tqWXdVI9xfA2RMwY/gbSpJG3lkdWNEjLap/NqVHZiJsdfg==",
      "license": "ISC",
      "dependencies": {
        "d": "^1.0.1",
        "es5-ext": "^0.10.62",
        "event-emitter": "^0.3.5",
        "type": "^2.7.2"
      },
      "engines": {
        "node": ">=0.10"
      }
    },
    "node_modules/event-emitter": {
      "version": "0.3.5",
      "resolved": "https://registry.npmjs.org/event-emitter/-/event-emitter-0.3.5.tgz",
      "integrity": "sha512-D9rRn9y7kLPnJ+hMq7S/nhvoKwwvVJahBi2BPmx3bvbsEdK3W9ii8cBSGjP+72/LnM4n6fo3+dkCX5FeTQruXA==",
      "license": "MIT",
      "dependencies": {
        "d": "1",
        "es5-ext": "~0.10.14"
      }
    },
    "node_modules/ext": {
      "version": "1.7.0",
      "resolved": "https://registry.npmjs.org/ext/-/ext-1.7.0.tgz",
      "integrity": "sha512-6hxeJYaL110a9b5TEJSj0gojyHQAmA2ch5Os+ySCiA1QGdS697XWY1pzsrSjqA9LDEEgdB/KypIlR59RcLuHYw==",
      "license": "ISC",
      "dependencies": {
        "type": "^2.7.2"
      }
    },
    "node_modules/ffn": {
      "version": "2.1.0",
      "resolved": "https://registry.npmjs.org/ffn/-/ffn-2.1.0.tgz",
      "integrity": "sha512-4RAYssW5tXRqsXfRRMLYZN5ze+JBBCaLhgv5sBQYyMturfeU+CAYnYIz7TS7Qzv9wgBAkvQF8w6XtIWTfHM26w==",
      "license": "MIT",
      "engines": {
        "node": ">=6.0.0"
      }
    },
    "node_modules/fifteen-kilos": {
      "version": "2.0.0",
      "resolved": "https://registry.npmjs.org/fifteen-kilos/-/fifteen-kilos-2.0.0.tgz",
      "integrity": "sha512-YxiUYqD8xkY+8hMu11Lqlrbde4VAk8SQ5yobuec2mVBUiwFxasEUyaKWNmsoaRaO3lXBJ6YRM2C8+9FoPrIhjw==",
      "license": "MIT"
    },
    "node_modules/fifteen-point-eight-three-five-two-six-six-eight-two-and-so-on": {
      "version": "1.0.0",
      "resolved": "https://registry.npmjs.org/fifteen-point-eight-three-five-two-six-six-eight-two-and-so-on/-/fifteen-point-eight-three-five-two-six-six-eight-two-and-so-on-1.0.0.tgz",
      "integrity": "sha512-YROmA4J4vP0HgN8Qds1lpWNKSDVk85+EPEmFytWmCJc3Pa1IZ4XuuV+YHB0ohNv5h6maqTqY2LvI8R/AlGOVTA==",
      "license": "MIT",
      "dependencies": {
        "always-thirteen": "^1.0.3",
        "compute-hmean": "^1.0.0",
        "fourteen": "^2.0.0",
        "meaning-of-life": "^1.0.0",
        "number-fifteen": "^1.0.0"
      }
    },
    "node_modules/five": {
      "version": "0.8.0",
      "resolved": "https://registry.npmjs.org/five/-/five-0.8.0.tgz",
      "integrity": "sha512-kx1sT4ZGNZQfOY31NBPJnbPjQ4BLinR9Wu9pmkUYlwx3A9U9QxJGhk2Ro4Fs2Ayn4tptVep/n8vjydKBVUKHYg==",
      "license": "MIT"
    },
    "node_modules/fourteen": {
      "version": "2.0.0",
      "resolved": "https://registry.npmjs.org/fourteen/-/fourteen-2.0.0.tgz",
      "integrity": "sha512-02tlu8TZYwMMN1fwUJOptYZD+WVDbF9I04Z9I6zQTfrk+VERFzoWlhvpiogwddILeg01HxXyGVol3FQwoJ4TJg==",
      "license": "MIT",
      "dependencies": {
        "always-thirteen": "^1.0.3",
        "successor": "^1.0.0"
      }
    },
    "node_modules/has-duplicates": {
      "version": "1.0.0",
      "resolved": "https://registry.npmjs.org/has-duplicates/-/has-duplicates-1.0.0.tgz",
      "integrity": "sha512-hZQnmfSBopwmRuMMvX64DBUDc/yp67J8CVhazVXV+ARa0L3r8suf1g4iS2oDsWHld0JE5G6yeNQsqCJ7CQ4JqA==",
      "license": "MIT",
      "engines": {
        "node": ">=0.12.0"
      }
    },
    "node_modules/if": {
      "version": "2.0.0",
      "resolved": "https://registry.npmjs.org/if/-/if-2.0.0.tgz",
      "integrity": "sha512-7ApdCMtv9ytVMhse+A0aNJk0tRe4nlD4o9zf5bU8xnqZhwtWLchAHrjCtgf10bdM3VEY4kUqb7x+GPntKumzKA==",
      "license": "MIT"
    },
    "node_modules/is-error": {
      "version": "2.2.2",
      "resolved": "https://registry.npmjs.org/is-error/-/is-error-2.2.2.tgz",
      "integrity": "sha512-IOQqts/aHWbiisY5DuPJQ0gcbvaLFCa7fBa9xoLfxBZvQ+ZI/Zh9xoI7Gk+G64N0FdK4AbibytHht2tWgpJWLg==",
      "license": "MIT"
    },
    "node_modules/is-global-object": {
      "version": "1.0.0",
      "resolved": "https://registry.npmjs.org/is-global-object/-/is-global-object-1.0.0.tgz",
      "integrity": "sha512-THgJ/n1Ndja7FZ6YksPlhcLsl1Z34LfYT1maxuKYtt4CT/apnFwhlb2U+HVm8u9tySJL12NPV+u4USUJ4p0GRQ==",
      "license": "MIT",
      "engines": {
        "node": ">=4.0.0"
      }
    },
    "node_modules/is-instance-of": {
      "version": "1.0.2",
      "resolved": "https://registry.npmjs.org/is-instance-of/-/is-instance-of-1.0.2.tgz",
      "integrity": "sha512-n4ZY/J5l9IAhuEfYPpcEHKfQ+jGOHS5iqWuoTsGenv08/wGC5z3T+jN9qGQrWspFGLOhAfxRlxF8hB1iQ/aY5w==",
      "license": "MIT",
      "dependencies": {
        "@lamansky/flatten": "^1.0.0",
        "arrify": "^1.0.1",
        "case-insensitive": "^1.0.0",
        "class-chain": "^1.0.0",
        "is-obj": "^1.0.1",
        "qfn": "^1.0.1",
        "sbo": "^1.1.0"
      },
      "engines": {
        "node": ">=6"
      }
    },
    "node_modules/is-negative": {
      "version": "2.1.0",
      "resolved": "https://registry.npmjs.org/is-negative/-/is-negative-2.1.0.tgz",
      "integrity": "sha512-+iCKT4ZcvjRnjkHnQjZ8/qfciLLGD8BFKS0GNR5VjDU6jEiwh899R0GSMkaYcuTNd7fEKXb3Qib0webe6HczNw==",
      "license": "MIT",
      "engines": {
        "node": ">=0.10.0"
      }
    },
    "node_modules/is-nil": {
      "version": "1.0.1",
      "resolved": "https://registry.npmjs.org/is-nil/-/is-nil-1.0.1.tgz",
      "integrity": "sha512-m2Rm8PhUFDNNhgvwZJjJG74a9h5CHU0fkA8WT+WGlCjyEbZ2jPwgb+ZxHu4np284EqNVyOsgppReK4qy/TwEwg==",
      "license": "MIT"
    },
    "node_modules/is-number": {
      "version": "7.0.0",
      "resolved": "https://registry.npmjs.org/is-number/-/is-number-7.0.0.tgz",
      "integrity": "sha512-41Cifkg6e8TylSpdtTpeLVMqvSBEVzTttHvERD741+pnZ8ANv0004MRL43QKPDlK9cGvNp6NZWZUBlbGXYxxng==",
      "license": "MIT",
      "engines": {
        "node": ">=0.12.0"
      }
    },
    "node_modules/is-obj": {
      "version": "1.0.1",
      "resolved": "https://registry.npmjs.org/is-obj/-/is-obj-1.0.1.tgz",
      "integrity": "sha512-l4RyHgRqGN4Y3+9JHVrNqO+tN0rV5My76uW5/nuO4K1b6vw5G8d/cmFjP9tRfEsdhZNt0IFdZuK/c2Vr4Nb+Qg==",
      "license": "MIT",
      "engines": {
        "node": ">=0.10.0"
      }
    },
    "node_modules/is-object": {
      "version": "1.0.2",
      "resolved": "https://registry.npmjs.org/is-object/-/is-object-1.0.2.tgz",
      "integrity": "sha512-2rRIahhZr2UWb45fIOuvZGpFtz0TyOZLf32KxBbSoUCeZR495zCKlWUKKUByk3geS2eAs7ZAABt0Y/Rx0GiQGA==",
      "license": "MIT",
      "funding": {
        "url": "https://github.com/sponsors/ljharb"
      }
    },
    "node_modules/is-plain-object": {
      "version": "2.0.4",
      "resolved": "https://registry.npmjs.org/is-plain-object/-/is-plain-object-2.0.4.tgz",
      "integrity": "sha512-h5PpgXkWitc38BBMYawTYMWJHFZJVnBquFE57xFpjB8pJFiF6gZ+bU+WyI/yqXiFR5mdLsgYNaPe8uao6Uv9Og==",
      "license": "MIT",
      "dependencies": {
        "isobject": "^3.0.1"
      },
      "engines": {
        "node": ">=0.10.0"
      }
    },
    "node_modules/is-plain-object/node_modules/isobject": {
      "version": "3.0.1",
      "resolved": "https://registry.npmjs.org/isobject/-/isobject-3.0.1.tgz",
      "integrity": "sha512-WhB9zCku7EGTj/HQQRz5aUQEUeoQZH2bWcltRErOpymJ4boYE6wL9Tbr23krRPSZ+C5zqNSrSw+Cc7sZZ4b7vg==",
      "license": "MIT",
      "engines": {
        "node": ">=0.10.0"
      }
    },
    "node_modules/is-positive-integer": {
      "version": "1.1.1",
      "resolved": "https://registry.npmjs.org/is-positive-integer/-/is-positive-integer-1.1.1.tgz",
      "integrity": "sha512-T6luDwx35p373DEOLlrsJ2OBg13BPu5XJqrUTKatMBJz0zaNgbv14evf/1Ktv0WuGl/iPUbbgjTNpVEI23Ijog==",
      "license": "MIT"
    },
    "node_modules/is-promise": {
      "version": "2.2.2",
      "resolved": "https://registry.npmjs.org/is-promise/-/is-promise-2.2.2.tgz",
      "integrity": "sha512-+lP4/6lKUBfQjZ2pdxThZvLUAafmZb8OAxFb8XXtiQmS35INgr85hdOGoEs124ez1FCnZJt6jau/T+alh58QFQ==",
      "license": "MIT"
    },
    "node_modules/jsfruit": {
      "version": "1.1.0",
      "resolved": "https://registry.npmjs.org/jsfruit/-/jsfruit-1.1.0.tgz",
      "integrity": "sha512-On3qd9PNYR+3i6U4bzEV0y8X4x+ApKckb/sGkre/Z3cupJk3rukKkK9Ct2IdBRbuosA2L5OQipjWKgON4esKvg==",
      "license": "MIT"
    },
    "node_modules/libguacamole": {
      "version": "1.0.0",
      "resolved": "https://registry.npmjs.org/libguacamole/-/libguacamole-1.0.0.tgz",
      "integrity": "sha512-M6hklU9K2XU5KuoPq+2js5362RbvnKm5N2cy3mxIaivVvWTaqFX2Og/hB+YVTaGUFWfRtu1pvsH9jJ7M6rLI0A==",
      "license": "MIT",
      "dependencies": {
        "is-positive-integer": "^1.1.1"
      }
    },
    "node_modules/libperson": {
      "version": "1.0.0",
      "resolved": "https://registry.npmjs.org/libperson/-/libperson-1.0.0.tgz",
      "integrity": "sha512-Eos5ZmYW2dhPZEMIRgskDQOXuH9u99f7R11eqQhLWMyMam2xc0AsVxgoEH3xGsLvExkkfvhhkHOawLMIiR0EYw==",
      "license": "MIT",
      "dependencies": {
        "jsfruit": "^1.1.0",
        "libvegetable": "^1.0.0"
      }
    },
    "node_modules/libvegetable": {
      "version": "1.0.0",
      "resolved": "https://registry.npmjs.org/libvegetable/-/libvegetable-1.0.0.tgz",
      "integrity": "sha512-qSRAZ40DZpFv7wN8U6LCOZUcolZMZDyM0+0k8KR+3zQqE3+0j4ZU9Xx81VWXZ0j+ssOeje3qv82vyCl5g/53cw==",
      "license": "MIT",
      "dependencies": {
        "jsfruit": "^1.1.0",
        "libguacamole": "^1.0.0"
      }
    },
    "node_modules/lodash": {
      "version": "4.17.21",
      "resolved": "https://registry.npmjs.org/lodash/-/lodash-4.17.21.tgz",
      "integrity": "sha512-v2kDEe57lecTulaDIuNTPy3Ry4gLGJ6Z1O3vE1krgXZNrsQ+LFTGHVxVjcXPs17LhbZVGedAJv8XZ1tvj5FvSg==",
      "license": "MIT"
    },
    "node_modules/lodash.set": {
      "version": "4.3.2",
      "resolved": "https://registry.npmjs.org/lodash.set/-/lodash.set-4.3.2.tgz",
      "integrity": "sha512-4hNPN5jlm/N/HLMCO43v8BXKq9Z7QdAGc/VGrRD61w8gN9g/6jF9A4L1pbUgBLCffi0w9VsXfTOij5x8iTyFvg==",
      "license": "MIT"
    },
    "node_modules/lru-queue": {
      "version": "0.1.0",
      "resolved": "https://registry.npmjs.org/lru-queue/-/lru-queue-0.1.0.tgz",
      "integrity": "sha512-BpdYkt9EvGl8OfWHDQPISVpcl5xZthb+XPsbELj5AQXxIC8IriDZIQYjBJPEm5rS420sjZ0TLEzRcq5KdBhYrQ==",
      "license": "MIT",
      "dependencies": {
        "es5-ext": "~0.10.2"
      }
    },
    "node_modules/meaning-of-life": {
      "version": "1.0.0",
      "resolved": "https://registry.npmjs.org/meaning-of-life/-/meaning-of-life-1.0.0.tgz",
      "integrity": "sha512-fVA4xSydqtK9owabGcYw1r4EKEsMOVVeYQLeCXPu77Z+8Y2j2B2I16UqZlKIOHnYkJ4RSvpJ00ywy9IWjmuxYw==",
      "license": "ISC"
    },
    "node_modules/memoizee": {
      "version": "0.4.17",
      "resolved": "https://registry.npmjs.org/memoizee/-/memoizee-0.4.17.tgz",
      "integrity": "sha512-DGqD7Hjpi/1or4F/aYAspXKNm5Yili0QDAFAY4QYvpqpgiY6+1jOfqpmByzjxbWd/T9mChbCArXAbDAsTm5oXA==",
      "license": "ISC",
      "dependencies": {
        "d": "^1.0.2",
        "es5-ext": "^0.10.64",
        "es6-weak-map": "^2.0.3",
        "event-emitter": "^0.3.5",
        "is-promise": "^2.2.2",
        "lru-queue": "^0.1.0",
        "next-tick": "^1.1.0",
        "timers-ext": "^0.1.7"
      },
      "engines": {
        "node": ">=0.12"
      }
    },
    "node_modules/next-tick": {
      "version": "1.1.0",
      "resolved": "https://registry.npmjs.org/next-tick/-/next-tick-1.1.0.tgz",
      "integrity": "sha512-CXdUiJembsNjuToQvxayPZF9Vqht7hewsvy2sOWafLvi2awflj9mOC6bHIg50orX8IJvWKY9wYQ/zB2kogPslQ==",
      "license": "ISC"
    },
    "node_modules/none": {
      "version": "1.0.0",
      "resolved": "https://registry.npmjs.org/none/-/none-1.0.0.tgz",
      "integrity": "sha512-i7zGuWTL3GPeD6N6qm8dP7dpxI6Tj/NXACKZh1j2b/P0/h3Drv5r074gyAwuENJ0A7H9JJb0ic2spGbliXhMdA==",
      "license": "Apache-2.0"
    },
    "node_modules/number-fifteen": {
      "version": "1.0.0",
      "resolved": "https://registry.npmjs.org/number-fifteen/-/number-fifteen-1.0.0.tgz",
      "integrity": "sha512-tHo4gkPrjk3btwqihVtb/7chiEYMhOZsGY4LqnnWxFTByMWM705Z1hQLGkolk8cwMXf4zAuHTxZiHEoLicbHNw==",
      "license": "MIT",
      "dependencies": {
        "fifteen-kilos": "^2.0.0"
      }
    },
    "node_modules/number-six": {
      "version": "1.0.1",
      "resolved": "https://registry.npmjs.org/number-six/-/number-six-1.0.1.tgz",
      "integrity": "sha512-827qpyvdWYtHzCrpTa7KE2q2w1LGV4zGF75NTiVSTlFiws6W8ogcyunguNMxmXKETItiMDAGKuFP2cGkoDKW7A==",
      "license": "MIT",
      "dependencies": {
        "sixteen-constant": "^1.0.0",
        "stevelib": "^1.0.0"
      }
    },
    "node_modules/numeric-constant-three": {
      "version": "1.0.0",
      "resolved": "https://registry.npmjs.org/numeric-constant-three/-/numeric-constant-three-1.0.0.tgz",
      "integrity": "sha512-aVEQsTz+KFtydnGMQEk2O6VkI2y7pUnGpXjU4mJfaoizg6MyGePtioPKuniMMUTI8ejykChyCTOXwCVb7U9lnA==",
      "license": "UNLICENSED",
      "dependencies": {
        "successor": "^1.0.1",
        "two": "^1.0.7"
      }
    },
    "node_modules/ofn": {
      "version": "1.0.0",
      "resolved": "https://registry.npmjs.org/ofn/-/ofn-1.0.0.tgz",
      "integrity": "sha512-jcPbdrxmZ9BHCI6wuSR33picFQKORWuSQICXpU0XoeSMJ32sRMUdBNUHYgMl35pJoMB/UoW0q5TA7uWLp0nn8Q==",
      "license": "MIT",
      "dependencies": {
        "has-duplicates": "^1.0.0",
        "wfn": "^1.0.0"
      },
      "engines": {
        "node": ">=6.0.0"
      }
    },
    "node_modules/pfn": {
      "version": "1.1.0",
      "resolved": "https://registry.npmjs.org/pfn/-/pfn-1.1.0.tgz",
      "integrity": "sha512-jT+RH1+ZbL2G5dTGzpr02jd99DTYyC9cRghyrQZRAn4CypWH3K6WQpEeNbC4uHZu0P6sXR2eROnhK+RCxoOUJw==",
      "license": "MIT",
      "dependencies": {
        "is-nil": "^1.0.1"
      },
      "engines": {
        "node": ">=6.0.0"
      }
    },
    "node_modules/plainify": {
      "version": "1.0.0",
      "resolved": "https://registry.npmjs.org/plainify/-/plainify-1.0.0.tgz",
      "integrity": "sha512-z/JXOByYzJ7xs6MA3FLPhM7oS53SMrZWJCUdUlOBcq7e/X3kkxHmNNO1QEEtDnSZ8ZN4xIY0drALlCjLEVtIWA==",
      "license": "MIT",
      "dependencies": {
        "is-plain-object": "^2.0.4"
      },
      "engines": {
        "node": ">=4.0.0"
      }
    },
    "node_modules/qfn": {
      "version": "1.0.1",
      "resolved": "https://registry.npmjs.org/qfn/-/qfn-1.0.1.tgz",
      "integrity": "sha512-Ci2jl+ICwQGoNusUgJCToecm0IFryiT9vhTIW3Tew4t5I4ySTt8Be84bpAz9FqF+4uGKLvilHzmApszjCvExlw==",
      "license": "MIT",
      "dependencies": {
        "pfn": "^1.0.0",
        "wfn": "^1.0.0"
      },
      "engines": {
        "node": ">=6.0.0"
      }
    },
    "node_modules/sbo": {
      "version": "1.1.3",
      "resolved": "https://registry.npmjs.org/sbo/-/sbo-1.1.3.tgz",
      "integrity": "sha512-yEoPppneJ3AlDrs3SpJIZBX+JioAoWMEye4zB+tuF4yQhLKcY7WAdXmVzvUpWQestZFNFIJyiK0f30lkZucemg==",
      "license": "MIT",
      "dependencies": {
        "array-pad": "0.0.1",
        "ffn": "^2.1.0",
        "is-global-object": "^1.0.0",
        "is-nil": "^1.0.1",
        "is-object": "^1.0.2",
        "lodash.set": "^4.3.2",
        "ofn": "^1.0.0",
        "plainify": "^1.0.0",
        "wfn": "^1.0.0"
      },
      "engines": {
        "node": ">=6.0.0"
      }
    },
    "node_modules/sixteen-constant": {
      "version": "1.0.0",
      "resolved": "https://registry.npmjs.org/sixteen-constant/-/sixteen-constant-1.0.0.tgz",
      "integrity": "sha512-jsDKUMRSf7foJdywvNRTgSHgAMsXuDaq7agpkAuLGUSjX86ho5HZ2/9t8+Zbi89H/cG/XkwkLJXXUpg+17OvSg==",
      "license": "MIT",
      "dependencies": {
        "fifteen-point-eight-three-five-two-six-six-eight-two-and-so-on": "^1.0.0"
      }
    },
    "node_modules/sorp": {
      "version": "1.0.0",
      "resolved": "https://registry.npmjs.org/sorp/-/sorp-1.0.0.tgz",
      "integrity": "sha512-iTeBVYTnKO4bsj4so0MnmCcIlIclZ2yWD37iudIFy0m9aRXvZVOf0r1JRvyUmj59UUtr+AUwC0TamseLmSDZgw==",
      "license": "MIT",
      "engines": {
        "node": ">=4.0.0"
      }
    },
    "node_modules/stevelib": {
      "version": "1.0.0",
      "resolved": "https://registry.npmjs.org/stevelib/-/stevelib-1.0.0.tgz",
      "integrity": "sha512-gfVqeTzYlZ6gLlj+KBpZAph8SZ+H9VHg3BrIklL81NAkwbNsJyicblx76RJ+fBTcNQgLeANgHWNZ+qiF5Guz+g==",
      "license": "MIT",
      "dependencies": {
        "libperson": "^1.0.0"
      }
    },
    "node_modules/successor": {
      "version": "1.0.1",
      "resolved": "https://registry.npmjs.org/successor/-/successor-1.0.1.tgz",
      "integrity": "sha512-xKiQSxuJBTUIFhDYbkhw2yQR3C6igFo/+OYbLQDjLqtlpthn2TorUyQ0QMrwA8wdQQo8dQqDsibYQvedIsJxNA==",
      "license": "MIT",
      "dependencies": {
        "is-negative": "^2.1.0",
        "is-number": "^7.0.0",
        "true": "^0.0.4"
      }
    },
    "node_modules/the-number-one": {
      "version": "1.0.1",
      "resolved": "https://registry.npmjs.org/the-number-one/-/the-number-one-1.0.1.tgz",
      "integrity": "sha512-gDOR0DbPQLlQGZ08didxsZ9iT42qGdex1MAToDdETOksmVDU/eoORx7ov7kgRKBYvocoRmebySuZZQTfoZ7+XA==",
      "license": "MIT"
    },
    "node_modules/throw-error": {
      "version": "1.0.0",
      "resolved": "https://registry.npmjs.org/throw-error/-/throw-error-1.0.0.tgz",
      "integrity": "sha512-dWOAILCeEfprOEKI97sADLHlnmXbJ08wE0JXO3KoPgJIaqpCxy54uGwR5uXotcCoP9STJVi0aG2VbRQ2FOD6VQ==",
      "license": "MIT",
      "dependencies": {
        "is-instance-of": "^1.0.1"
      },
      "engines": {
        "node": ">=6.0.0"
      }
    },
    "node_modules/timers-ext": {
      "version": "0.1.8",
      "resolved": "https://registry.npmjs.org/timers-ext/-/timers-ext-0.1.8.tgz",
      "integrity": "sha512-wFH7+SEAcKfJpfLPkrgMPvvwnEtj8W4IurvEyrKsDleXnKLCDw71w8jltvfLa8Rm4qQxxT4jmDBYbJG/z7qoww==",
      "license": "ISC",
      "dependencies": {
        "es5-ext": "^0.10.64",
        "next-tick": "^1.1.0"
      },
      "engines": {
        "node": ">=0.12"
      }
    },
    "node_modules/true": {
      "version": "0.0.4",
      "resolved": "https://registry.npmjs.org/true/-/true-0.0.4.tgz",
      "integrity": "sha512-e7hkFCda5y51OTE4eQHVPFbuljGnOpzrVcigGM5Pd9+Bw1bEsHCq3mVIm/z/O5Mh1bXtVPNxUV8oCl/dMunlRg==",
      "license": "Apache-2.0",
      "bin": {
        "true": "bin/cli.js"
      }
    },
    "node_modules/two": {
      "version": "1.0.7",
      "resolved": "https://registry.npmjs.org/two/-/two-1.0.7.tgz",
      "integrity": "sha512-51CvBH1aNZmWTrdox7Ylv38EVYM/QhJ8CxCi735j+YfSfq+JZ91Cd1UXp0JiVQ0iyurrt/gJqWGydZsoQgjWZQ==",
      "license": "MIT",
      "dependencies": {
        "lodash": "^4.17.21"
      }
    },
    "node_modules/type": {
      "version": "2.7.3",
      "resolved": "https://registry.npmjs.org/type/-/type-2.7.3.tgz",
      "integrity": "sha512-8j+1QmAbPvLZow5Qpi6NCaN8FB60p/6x8/vfNqOk/hC+HuvFZhL4+WfekuhQLiqFZXOgQdrs3B+XxEmCc6b3FQ==",
      "license": "ISC"
    },
    "node_modules/vanilla-javascript": {
      "version": "1.1.1",
      "resolved": "https://registry.npmjs.org/vanilla-javascript/-/vanilla-javascript-1.1.1.tgz",
      "integrity": "sha512-f6Rs5YWH7LHlFKAgbu5idxUWapLcgl8vWkkaO1u2IETjRzr/PaB+jOYYFdA4DdMRe6cyF8UeEfFXI5IxVKFPaA==",
      "license": "MIT"
    },
    "node_modules/vapor-js-npm": {
      "version": "1.4.6",
      "resolved": "https://registry.npmjs.org/vapor-js-npm/-/vapor-js-npm-1.4.6.tgz",
      "integrity": "sha512-sPp82LGKFeoortK6ifuV9UgmA6INuz3Scl9hppNskn2TfFmwjKKiyouUkjfxRXfPSfMsLPDHaVjJTj6vZDY5kw=="
    },
    "node_modules/wfn": {
      "version": "1.0.0",
      "resolved": "https://registry.npmjs.org/wfn/-/wfn-1.0.0.tgz",
      "integrity": "sha512-oqi69SrZYlW66I/Bz4iJQ7V4E/uB0o776fW7KWbGaweTHvrtDUuemPkyEt7MgQeSnUs30NTSyqcbO4TT7/8SOw==",
      "license": "MIT",
      "dependencies": {
        "copy-own": "^1.0.0",
        "english-list": "^1.0.0",
        "sorp": "^1.0.0"
      },
      "engines": {
        "node": ">=6.0.0"
      }
    },
    "node_modules/yanoop": {
      "version": "1.0.0",
      "resolved": "https://registry.npmjs.org/yanoop/-/yanoop-1.0.0.tgz",
      "integrity": "sha512-P/Zkeo4BUlzLSMUO1P7yls8Bca/w6wlty/CUX5jplTW8Gc0MteQ6cu9fiI/jhxJ6FyPs1gi0dWTWwX5MeEM8IA==",
      "license": "MIT"
    }
  }
}
