{
  "name": "immediate-error",
  "version": "3.0.0",
  "lockfileVersion": 3,
  "requires": true,
  "packages": {
    "": {
      "name": "immediate-error",
      "version": "3.0.0",
      "license": "UNLICENSED",
      "dependencies": {
        "assert-fn": "^1.0.1",
        "none": "^1.0.0",
        "vanilla-javascript": "^1.1.1"
      }
    },
    "node_modules/assert-fn": {
      "version": "1.0.1",
      "resolved": "https://registry.npmjs.org/assert-fn/-/assert-fn-1.0.1.tgz",
      "integrity": "sha512-YA23prfdIZozmfSSKlRuypxG6xfoJdFDZ5ZwXpvYSEfQcpOm6tKWt7R71Bgc7OIQL8EEmOwSn1bXFmBt9B+uQw==",
      "license": "UNLICENSED",
      "dependencies": {
        "none": "^1.0.0",
        "vanilla-javascript": "^1.1.1"
      }
    },
    "node_modules/none": {
      "version": "1.0.0",
      "resolved": "https://registry.npmjs.org/none/-/none-1.0.0.tgz",
      "integrity": "sha512-i7zGuWTL3GPeD6N6qm8dP7dpxI6Tj/NXACKZh1j2b/P0/h3Drv5r074gyAwuENJ0A7H9JJb0ic2spGbliXhMdA==",
      "license": "Apache-2.0"
    },
    "node_modules/vanilla-javascript": {
      "version": "1.1.1",
      "resolved": "https://registry.npmjs.org/vanilla-javascript/-/vanilla-javascript-1.1.1.tgz",
      "integrity": "sha512-f6Rs5YWH7LHlFKAgbu5idxUWapLcgl8vWkkaO1u2IETjRzr/PaB+jOYYFdA4DdMRe6cyF8UeEfFXI5IxVKFPaA==",
      "license": "MIT"
    }
  }
}
